{
  "name": "late-shift-arcade",
  "version": "0.1.0",
  "lockfileVersion": 3,
  "requires": true,
  "packages": {
    "": {
      "name": "late-shift-arcade",
      "version": "0.1.0",
      "devDependencies": {
        "@the-little-ai-company/agent-relay": "latest",
        "@vivary/create": "latest"
      }
    },
    "node_modules/@the-little-ai-company/agent-relay": {
      "version": "0.1.0",
      "resolved": "https://registry.npmjs.org/@the-little-ai-company/agent-relay/-/agent-relay-0.1.0.tgz",
      "integrity": "sha512-K5HZgZptKP0JQI75B4RfeLbK47LuPz64/8i1k84ZfkhkpFTx5rtGpcfvMAPTygaqujm2NOOwFf69Gi1RBrN8Lg==",
      "dev": true,
      "license": "MIT",
      "bin": {
        "agent-relay": "bin/agent-relay.js",
        "relay": "bin/agent-relay.js"
      },
      "engines": {
        "node": ">=20"
      }
    },
    "node_modules/@vivary/create": {
      "version": "0.3.1",
      "resolved": "https://registry.npmjs.org/@vivary/create/-/create-0.3.1.tgz",
      "integrity": "sha512-9UpUXTwfVneou5lJTJCSb1DrJif7gHjNiDXEgJ00GiuaLCtJ9PRT3QppYqDtoWKPDg0748LnhvUdEXGr41RFfQ==",
      "dev": true,
      "license": "MIT",
      "bin": {
        "create-vivary": "index.js"
      },
      "engines": {
        "node": ">=18"
      }
    }
  }
}
